// !$*UTF8*$!
{
	archiveVersion = 1;
	classes = {
	};
	objectVersion = 50;
	objects = {

/* Begin PBXBuildFile section */
		3A73926A25C46EC200F62319 /* AppDelegate.swift in Sources */ = {isa = PBXBuildFile; fileRef = 3A73926925C46EC200F62319 /* AppDelegate.swift */; };
		3A73926C25C46EC200F62319 /* SceneDelegate.swift in Sources */ = {isa = PBXBuildFile; fileRef = 3A73926B25C46EC200F62319 /* SceneDelegate.swift */; };
		3A73926E25C46EC200F62319 /* ViewController.swift in Sources */ = {isa = PBXBuildFile; fileRef = 3A73926D25C46EC200F62319 /* ViewController.swift */; };
		3A73927125C46EC200F62319 /* Main.storyboard in Resources */ = {isa = PBXBuildFile; fileRef = 3A73926F25C46EC200F62319 /* Main.storyboard */; };
		3A73927325C46EC400F62319 /* Assets.xcassets in Resources */ = {isa = PBXBuildFile; fileRef = 3A73927225C46EC400F62319 /* Assets.xcassets */; };
		3A73927625C46EC400F62319 /* LaunchScreen.storyboard in Resources */ = {isa = PBXBuildFile; fileRef = 3A73927425C46EC400F62319 /* LaunchScreen.storyboard */; };
		3A73928025C4705B00F62319 /* NextViewController.swift in Sources */ = {isa = PBXBuildFile; fileRef = 3A73927F25C4705B00F62319 /* NextViewController.swift */; };
		3AE09B7225C497A900ED6399 /* Person.swift in Sources */ = {isa = PBXBuildFile; fileRef = 3AE09B7125C497A900ED6399 /* Person.swift */; };
/* End PBXBuildFile section */

/* Begin PBXFileReference section */
		3A73926625C46EC200F62319 /* swift_tutorial_struct.app */ = {isa = PBXFileReference; explicitFileType = wrapper.application; includeInIndex = 0; path = swift_tutorial_struct.app; sourceTree = BUILT_PRODUCTS_DIR; };
		3A73926925C46EC200F62319 /* AppDelegate.swift */ = {isa = PBXFileReference; lastKnownFileType = sourcecode.swift; path = AppDelegate.swift; sourceTree = "<group>"; };
		3A73926B25C46EC200F62319 /* SceneDelegate.swift */ = {isa = PBXFileReference; lastKnownFileType = sourcecode.swift; path = SceneDelegate.swift; sourceTree = "<group>"; };
		3A73926D25C46EC200F62319 /* ViewController.swift */ = {isa = PBXFileReference; lastKnownFileType = sourcecode.swift; path = ViewController.swift; sourceTree = "<group>"; };
		3A73927025C46EC200F62319 /* Base */ = {isa = PBXFileReference; lastKnownFileType = file.storyboard; name = Base; path = Base.lproj/Main.storyboard; sourceTree = "<group>"; };
		3A73927225C46EC400F62319 /* Assets.xcassets */ = {isa = PBXFileReference; lastKnownFileType = folder.assetcatalog; path = Assets.xcassets; sourceTree = "<group>"; };
		3A73927525C46EC400F62319 /* Base */ = {isa = PBXFileReference; lastKnownFileType = file.storyboard; name = Base; path = Base.lproj/LaunchScreen.storyboard; sourceTree = "<group>"; };
		3A73927725C46EC400F62319 /* Info.plist */ = {isa = PBXFileReference; lastKnownFileType = text.plist.xml; path = Info.plist; sourceTree = "<group>"; };
		3A73927F25C4705B00F62319 /* NextViewController.swift */ = {isa = PBXFileReference; lastKnownFileType = sourcecode.swift; path = NextViewController.swift; sourceTree = "<group>"; };
		3AE09B7125C497A900ED6399 /* Person.swift */ = {isa = PBXFileReference; lastKnownFileType = sourcecode.swift; path = Person.swift; sourceTree = "<group>"; };
/* End PBXFileReference section */

/* Begin PBXFrameworksBuildPhase section */
		3A73926325C46EC200F62319 /* Frameworks */ = {
			isa = PBXFrameworksBuildPhase;
			buildActionMask = 2147483647;
			files = (
			);
			runOnlyForDeploymentPostprocessing = 0;
		};
/* End PBXFrameworksBuildPhase section */

/* Begin PBXGroup section */
		3A73925D25C46EC200F62319 = {
			isa = PBXGroup;
			children = (
				3A73926825C46EC200F62319 /* swift_tutorial_struct */,
				3A73926725C46EC200F62319 /* Products */,
			);
			sourceTree = "<group>";
		};
		3A73926725C46EC200F62319 /* Products */ = {
			isa = PBXGroup;
			children = (
				3A73926625C46EC200F62319 /* swift_tutorial_struct.app */,
			);
			name = Products;
			sourceTree = "<group>";
		};
		3A73926825C46EC200F62319 /* swift_tutorial_struct */ = {
			isa = PBXGroup;
			children = (
				3A73926925C46EC200F62319 /* AppDelegate.swift */,
				3A73926B25C46EC200F62319 /* SceneDelegate.swift */,
				3AE09B7425C497B800ED6399 /* Model */,
				3A73928225C4706F00F62319 /* Controller */,
				3A73926F25C46EC200F62319 /* Main.storyboard */,
				3A73927225C46EC400F62319 /* Assets.xcassets */,
				3A73927425C46EC400F62319 /* LaunchScreen.storyboard */,
				3A73927725C46EC400F62319 /* Info.plist */,
			);
			path = swift_tutorial_struct;
			sourceTree = "<group>";
		};
		3A73928225C4706F00F62319 /* Controller */ = {
			isa = PBXGroup;
			children = (
				3A73926D25C46EC200F62319 /* ViewController.swift */,
				3A73927F25C4705B00F62319 /* NextViewController.swift */,
			);
			path = Controller;
			sourceTree = "<group>";
		};
		3AE09B7425C497B800ED6399 /* Model */ = {
			isa = PBXGroup;
			children = (
				3AE09B7125C497A900ED6399 /* Person.swift */,
			);
			path = Model;
			sourceTree = "<group>";
		};
/* End PBXGroup section */

/* Begin PBXNativeTarget section */
		3A73926525C46EC200F62319 /* swift_tutorial_struct */ = {
			isa = PBXNativeTarget;
			buildConfigurationList = 3A73927A25C46EC400F62319 /* Build configuration list for PBXNativeTarget "swift_tutorial_struct" */;
			buildPhases = (
				3A73926225C46EC200F62319 /* Sources */,
				3A73926325C46EC200F62319 /* Frameworks */,
				3A73926425C46EC200F62319 /* Resources */,
			);
			buildRules = (
			);
			dependencies = (
			);
			name = swift_tutorial_struct;
			productName = swift_tutorial_struct;
			productReference = 3A73926625C46EC200F62319 /* swift_tutorial_struct.app */;
			productType = "com.apple.product-type.application";
		};
/* End PBXNativeTarget section */

/* Begin PBXProject section */
		3A73925E25C46EC200F62319 /* Project object */ = {
			isa = PBXProject;
			attributes = {
				LastSwiftUpdateCheck = 1230;
				LastUpgradeCheck = 1230;
				TargetAttributes = {
					3A73926525C46EC200F62319 = {
						CreatedOnToolsVersion = 12.3;
					};
				};
			};
			buildConfigurationList = 3A73926125C46EC200F62319 /* Build configuration list for PBXProject "swift_tutorial_struct" */;
			compatibilityVersion = "Xcode 9.3";
			developmentRegion = en;
			hasScannedForEncodings = 0;
			knownRegions = (
				en,
				Base,
			);
			mainGroup = 3A73925D25C46EC200F62319;
			productRefGroup = 3A73926725C46EC200F62319 /* Products */;
			projectDirPath = "";
			projectRoot = "";
			targets = (
				3A73926525C46EC200F62319 /* swift_tutorial_struct */,
			);
		};
/* End PBXProject section */

/* Begin PBXResourcesBuildPhase section */
		3A73926425C46EC200F62319 /* Resources */ = {
			isa = PBXResourcesBuildPhase;
			buildActionMask = 2147483647;
			files = (
				3A73927625C46EC400F62319 /* LaunchScreen.storyboard in Resources */,
				3A73927325C46EC400F62319 /* Assets.xcassets in Resources */,
				3A73927125C46EC200F62319 /* Main.storyboard in Resources */,
			);
			runOnlyForDeploymentPostprocessing = 0;
		};
/* End PBXResourcesBuildPhase section */

/* Begin PBXSourcesBuildPhase section */
		3A73926225C46EC200F62319 /* Sources */ = {
			isa = PBXSourcesBuildPhase;
			buildActionMask = 2147483647;
			files = (
				3AE09B7225C497A900ED6399 /* Person.swift in Sources */,
				3A73926E25C46EC200F62319 /* ViewController.swift in Sources */,
				3A73928025C4705B00F62319 /* NextViewController.swift in Sources */,
				3A73926A25C46EC200F62319 /* AppDelegate.swift in Sources */,
				3A73926C25C46EC200F62319 /* SceneDelegate.swift in Sources */,
			);
			runOnlyForDeploymentPostprocessing = 0;
		};
/* End PBXSourcesBuildPhase section */

/* Begin PBXVariantGroup section */
		3A73926F25C46EC200F62319 /* Main.storyboard */ = {
			isa = PBXVariantGroup;
			children = (
				3A73927025C46EC200F62319 /* Base */,
			);
			name = Main.storyboard;
			sourceTree = "<group>";
		};
		3A73927425C46EC400F62319 /* LaunchScreen.storyboard */ = {
			isa = PBXVariantGroup;
			children = (
				3A73927525C46EC400F62319 /* Base */,
			);
			name = LaunchScreen.storyboard;
			sourceTree = "<group>";
		};
/* End PBXVariantGroup section */

/* Begin XCBuildConfiguration section */
		3A73927825C46EC400F62319 /* Debug */ = {
			isa = XCBuildConfiguration;
			buildSettings = {
				ALWAYS_SEARCH_USER_PATHS = NO;
				CLANG_ANALYZER_NONNULL = YES;
				CLANG_ANALYZER_NUMBER_OBJECT_CONVERSION = YES_AGGRESSIVE;
				CLANG_CXX_LANGUAGE_STANDARD = "gnu++14";
				CLANG_CXX_LIBRARY = "libc++";
				CLANG_ENABLE_MODULES = YES;
				CLANG_ENABLE_OBJC_ARC = YES;
				CLANG_ENABLE_OBJC_WEAK = YES;
				CLANG_WARN_BLOCK_CAPTURE_AUTORELEASING = YES;
				CLANG_WARN_BOOL_CONVERSION = YES;
				CLANG_WARN_COMMA = YES;
				CLANG_WARN_CONSTANT_CONVERSION = YES;
				CLANG_WARN_DEPRECATED_OBJC_IMPLEMENTATIONS = YES;
				CLANG_WARN_DIRECT_OBJC_ISA_USAGE = YES_ERROR;
				CLANG_WARN_DOCUMENTATION_COMMENTS = YES;
				CLANG_WARN_EMPTY_BODY = YES;
				CLANG_WARN_ENUM_CONVERSION = YES;
				CLANG_WARN_INFINITE_RECURSION = YES;
				CLANG_WARN_INT_CONVERSION = YES;
				CLANG_WARN_NON_LITERAL_NULL_CONVERSION = YES;
				CLANG_WARN_OBJC_IMPLICIT_RETAIN_SELF = YES;
				CLANG_WARN_OBJC_LITERAL_CONVERSION = YES;
				CLANG_WARN_OBJC_ROOT_CLASS = YES_ERROR;
				CLANG_WARN_QUOTED_INCLUDE_IN_FRAMEWORK_HEADER = YES;
				CLANG_WARN_RANGE_LOOP_ANALYSIS = YES;
				CLANG_WARN_STRICT_PROTOTYPES = YES;
				CLANG_WARN_SUSPICIOUS_MOVE = YES;
				CLANG_WARN_UNGUARDED_AVAILABILITY = YES_AGGRESSIVE;
				CLANG_WARN_UNREACHABLE_CODE = YES;
				CLANG_WARN__DUPLICATE_METHOD_MATCH = YES;
				COPY_PHASE_STRIP = NO;
				DEBUG_INFORMATION_FORMAT = dwarf;
				ENABLE_STRICT_OBJC_MSGSEND = YES;
				ENABLE_TESTABILITY = YES;
				GCC_C_LANGUAGE_STANDARD = gnu11;
				GCC_DYNAMIC_NO_PIC = NO;
				GCC_NO_COMMON_BLOCKS = YES;
				GCC_OPTIMIZATION_LEVEL = 0;
				GCC_PREPROCESSOR_DEFINITIONS = (
					"DEBUG=1",
					"$(inherited)",
				);
				GCC_WARN_64_TO_32_BIT_CONVERSION = YES;
				GCC_WARN_ABOUT_RETURN_TYPE = YES_ERROR;
				GCC_WARN_UNDECLARED_SELECTOR = YES;
				GCC_WARN_UNINITIALIZED_AUTOS = YES_AGGRESSIVE;
				GCC_WARN_UNUSED_FUNCTION = YES;
				GCC_WARN_UNUSED_VARIABLE = YES;
				IPHONEOS_DEPLOYMENT_TARGET = 14.3;
				MTL_ENABLE_DEBUG_INFO = INCLUDE_SOURCE;
				MTL_FAST_MATH = YES;
				ONLY_ACTIVE_ARCH = YES;
				SDKROOT = iphoneos;
				SWIFT_ACTIVE_COMPILATION_CONDITIONS = DEBUG;
				SWIFT_OPTIMIZATION_LEVEL = "-Onone";
			};
			name = Debug;
		};
		3A73927925C46EC400F62319 /* Release */ = {
			isa = XCBuildConfiguration;
			buildSettings = {
				ALWAYS_SEARCH_USER_PATHS = NO;
				CLANG_ANALYZER_NONNULL = YES;
				CLANG_ANALYZER_NUMBER_OBJECT_CONVERSION = YES_AGGRESSIVE;
				CLANG_CXX_LANGUAGE_STANDARD = "gnu++14";
				CLANG_CXX_LIBRARY = "libc++";
				CLANG_ENABLE_MODULES = YES;
				CLANG_ENABLE_OBJC_ARC = YES;
				CLANG_ENABLE_OBJC_WEAK = YES;
				CLANG_WARN_BLOCK_CAPTURE_AUTORELEASING = YES;
				CLANG_WARN_BOOL_CONVERSION = YES;
				CLANG_WARN_COMMA = YES;
				CLANG_WARN_CONSTANT_CONVERSION = YES;
				CLANG_WARN_DEPRECATED_OBJC_IMPLEMENTATIONS = YES;
				CLANG_WARN_DIRECT_OBJC_ISA_USAGE = YES_ERROR;
				CLANG_WARN_DOCUMENTATION_COMMENTS = YES;
				CLANG_WARN_EMPTY_BODY = YES;
				CLANG_WARN_ENUM_CONVERSION = YES;
				CLANG_WARN_INFINITE_RECURSION = YES;
				CLANG_WARN_INT_CONVERSION = YES;
				CLANG_WARN_NON_LITERAL_NULL_CONVERSION = YES;
				CLANG_WARN_OBJC_IMPLICIT_RETAIN_SELF = YES;
				CLANG_WARN_OBJC_LITERAL_CONVERSION = YES;
				CLANG_WARN_OBJC_ROOT_CLASS = YES_ERROR;
				CLANG_WARN_QUOTED_INCLUDE_IN_FRAMEWORK_HEADER = YES;
				CLANG_WARN_RANGE_LOOP_ANALYSIS = YES;
				CLANG_WARN_STRICT_PROTOTYPES = YES;
				CLANG_WARN_SUSPICIOUS_MOVE = YES;
				CLANG_WARN_UNGUARDED_AVAILABILITY = YES_AGGRESSIVE;
				CLANG_WARN_UNREACHABLE_CODE = YES;
				CLANG_WARN__DUPLICATE_METHOD_MATCH = YES;
				COPY_PHASE_STRIP = NO;
				DEBUG_INFORMATION_FORMAT = "dwarf-with-dsym";
				ENABLE_NS_ASSERTIONS = NO;
				ENABLE_STRICT_OBJC_MSGSEND = YES;
				GCC_C_LANGUAGE_STANDARD = gnu11;
				GCC_NO_COMMON_BLOCKS = YES;
				GCC_WARN_64_TO_32_BIT_CONVERSION = YES;
				GCC_WARN_ABOUT_RETURN_TYPE = YES_ERROR;
				GCC_WARN_UNDECLARED_SELECTOR = YES;
				GCC_WARN_UNINITIALIZED_AUTOS = YES_AGGRESSIVE;
				GCC_WARN_UNUSED_FUNCTION = YES;
				GCC_WARN_UNUSED_VARIABLE = YES;
				IPHONEOS_DEPLOYMENT_TARGET = 14.3;
				MTL_ENABLE_DEBUG_INFO = NO;
				MTL_FAST_MATH = YES;
				SDKROOT = iphoneos;
				SWIFT_COMPILATION_MODE = wholemodule;
				SWIFT_OPTIMIZATION_LEVEL = "-O";
				VALIDATE_PRODUCT = YES;
			};
			name = Release;
		};
		3A73927B25C46EC400F62319 /* Debug */ = {
			isa = XCBuildConfiguration;
			buildSettings = {
				ASSETCATALOG_COMPILER_APPICON_NAME = AppIcon;
				ASSETCATALOG_COMPILER_GLOBAL_ACCENT_COLOR_NAME = AccentColor;
				CODE_SIGN_STYLE = Automatic;
				DEVELOPMENT_TEAM = 4T284DDGB2;
				INFOPLIST_FILE = swift_tutorial_struct/Info.plist;
				LD_RUNPATH_SEARCH_PATHS = (
					"$(inherited)",
					"@executable_path/Frameworks",
				);
				PRODUCT_BUNDLE_IDENTIFIER = "com.jun-web-free.swift-tutorial-struct";
				PRODUCT_NAME = "$(TARGET_NAME)";
				SWIFT_VERSION = 5.0;
				TARGETED_DEVICE_FAMILY = 1;
			};
			name = Debug;
		};
		3A73927C25C46EC400F62319 /* Release */ = {
			isa = XCBuildConfiguration;
			buildSettings = {
				ASSETCATALOG_COMPILER_APPICON_NAME = AppIcon;
				ASSETCATALOG_COMPILER_GLOBAL_ACCENT_COLOR_NAME = AccentColor;
				CODE_SIGN_STYLE = Automatic;
				DEVELOPMENT_TEAM = 4T284DDGB2;
				INFOPLIST_FILE = swift_tutorial_struct/Info.plist;
				LD_RUNPATH_SEARCH_PATHS = (
					"$(inherited)",
					"@executable_path/Frameworks",
				);
				PRODUCT_BUNDLE_IDENTIFIER = "com.jun-web-free.swift-tutorial-struct";
				PRODUCT_NAME = "$(TARGET_NAME)";
				SWIFT_VERSION = 5.0;
				TARGETED_DEVICE_FAMILY = 1;
			};
			name = Release;
		};
/* End XCBuildConfiguration section */

/* Begin XCConfigurationList section */
		3A73926125C46EC200F62319 /* Build configuration list for PBXProject "swift_tutorial_struct" */ = {
			isa = XCConfigurationList;
			buildConfigurations = (
				3A73927825C46EC400F62319 /* Debug */,
				3A73927925C46EC400F62319 /* Release */,
			);
			defaultConfigurationIsVisible = 0;
			defaultConfigurationName = Release;
		};
		3A73927A25C46EC400F62319 /* Build configuration list for PBXNativeTarget "swift_tutorial_struct" */ = {
			isa = XCConfigurationList;
			buildConfigurations = (
				3A73927B25C46EC400F62319 /* Debug */,
				3A73927C25C46EC400F62319 /* Release */,
			);
			defaultConfigurationIsVisible = 0;
			defaultConfigurationName = Release;
		};
/* End XCConfigurationList section */
	};
	rootObject = 3A73925E25C46EC200F62319 /* Project object */;
}
